{
    "_readme": [
        "This file locks the dependencies of your project to a known state",
        "Read more about it at https://getcomposer.org/doc/01-basic-usage.md#composer-lock-the-lock-file",
        "This file is @generated automatically"
    ],
    "content-hash": "7f66ca00db038bb737a95318ee85e7ce",
    "packages": [
        {
            "name": "leafo/scssphp",
            "version": "v0.7.5",
            "source": {
                "type": "git",
                "url": "https://github.com/leafo/scssphp.git",
                "reference": "8b538d828bbb75276974605c4a1a435e939da74e"
            },
            "dist": {
                "type": "zip",
                "url": "https://api.github.com/repos/leafo/scssphp/zipball/8b538d828bbb75276974605c4a1a435e939da74e",
                "reference": "8b538d828bbb75276974605c4a1a435e939da74e",
                "shasum": ""
            },
            "require": {
                "php": ">=5.4.0"
            },
            "require-dev": {
                "phpunit/phpunit": "~4.6",
                "squizlabs/php_codesniffer": "~2.5"
            },
            "bin": [
                "bin/pscss"
            ],
            "type": "library",
            "autoload": {
                "psr-4": {
                    "Leafo\\ScssPhp\\": "src/"
                }
            },
            "notification-url": "https://packagist.org/downloads/",
            "license": [
                "MIT"
            ],
            "authors": [
                {
                    "name": "Leaf Corcoran",
                    "email": "leafot@gmail.com",
                    "homepage": "http://leafo.net"
                }
            ],
            "description": "scssphp is a compiler for SCSS written in PHP.",
            "homepage": "http://leafo.github.io/scssphp/",
            "keywords": [
                "css",
                "less",
                "sass",
                "scss",
                "stylesheet"
            ],
            "time": "2018-02-09T02:04:21+00:00"
        },
        {
            "name": "redcatphp/stylize",
            "version": "v2.4.3",
            "source": {
                "type": "git",
                "url": "https://github.com/redcatphp/stylize.git",
                "reference": "e05272eb7d76bff4c7830339be238ee3ac30d857"
            },
            "dist": {
                "type": "zip",
                "url": "https://api.github.com/repos/redcatphp/stylize/zipball/e05272eb7d76bff4c7830339be238ee3ac30d857",
                "reference": "e05272eb7d76bff4c7830339be238ee3ac30d857",
                "shasum": ""
            },
            "require": {
                "leafo/scssphp": "@dev",
                "php": ">=5.4.0"
            },
            "type": "library",
            "autoload": {
                "psr-4": {
                    "RedCat\\Stylize\\": ""
                }
            },
            "notification-url": "https://packagist.org/downloads/",
            "license": [
                "LGPL-3.0+",
                "CC0-1.0"
            ],
            "authors": [
                {
                    "name": "Jo Surikat",
                    "email": "jo@surikat.pro",
                    "homepage": "http://surikat.pro",
                    "role": "Developer"
                }
            ],
            "description": "Stylize - Css Preprocessor using Scss syntax ( SASS 3.x ) ported to PHP with added supports: php imbrication, php mixin, mixin autoload, extend autoload, font autoload - derived from leafo-scssphp",
            "homepage": "http://redcatphp.com/stylize-scss",
            "keywords": [
                "Stylize",
                "autoload",
                "css",
                "css preprocessor",
                "font",
                "mixin",
                "sass",
                "scss",
                "style",
                "stylesheet"
            ],
            "time": "2016-06-29T13:21:27+00:00"
        }
    ],
    "packages-dev": [],
    "aliases": [],
    "minimum-stability": "stable",
    "stability-flags": [],
    "prefer-stable": false,
    "prefer-lowest": false,
    "platform": [],
    "platform-dev": []
}
